
Microsoft Visual Studio Solution File, Format Version 10.00
# Visual Studio 2008
Project("{8BC9CEB8-8B4A-11D0-8D11-00A0C91BC942}") = "components", "components_2008.vcproj", "{F8F41349-5A9C-41D1-899D-E605B206C083}"
EndProject
Project("{8BC9CEB9-8B4A-11D0-8D11-00A0C91BC942}") = "ipy.exe", "C:\Program Files\IronPython 2.0.2\ipy.exe", "{76DA0D31-46CD-449C-8F29-AF580C2D6B2C}"
EndProject
Global
	GlobalSection(SolutionConfigurationPlatforms) = preSolution
		Debug|Win32 = Debug|Win32
		Release|Win32 = Release|Win32
	EndGlobalSection
	GlobalSection(ProjectConfigurationPlatforms) = postSolution
		{F8F41349-5A9C-41D1-899D-E605B206C083}.Debug|Win32.ActiveCfg = Debug|Win32
		{F8F41349-5A9C-41D1-899D-E605B206C083}.Debug|Win32.Build.0 = Debug|Win32
		{F8F41349-5A9C-41D1-899D-E605B206C083}.Release|Win32.ActiveCfg = Release|Win32
		{F8F41349-5A9C-41D1-899D-E605B206C083}.Release|Win32.Build.0 = Release|Win32
		{76DA0D31-46CD-449C-8F29-AF580C2D6B2C}.Debug|Win32.ActiveCfg = Debug
		{76DA0D31-46CD-449C-8F29-AF580C2D6B2C}.Release|Win32.ActiveCfg = Debug
	EndGlobalSection
	GlobalSection(SolutionProperties) = preSolution
		HideSolutionNode = FALSE
	EndGlobalSection
EndGlobal
